
Microsoft Visual Studio Solution File, Format Version 12.00
# Visual Studio Version 16
VisualStudioVersion = 16.0.30717.126
MinimumVisualStudioVersion = 10.0.40219.1
Project("{FAE04EC0-301F-11D3-BF4B-00C04F79EFBC}") = "train", "train.csproj", "{ECBD12DD-CB44-4188-A9E9-BF43DB03BC9E}"
EndProject
Project("{9A19103F-16F7-4668-BE54-9A1E7A4F7556}") = "trainML.Model", "..\trainML.Model\trainML.Model.csproj", "{6547BAE9-7979-4F15-BF7C-25E71F712502}"
EndProject
Project("{9A19103F-16F7-4668-BE54-9A1E7A4F7556}") = "trainML.ConsoleApp", "..\trainML.ConsoleApp\trainML.ConsoleApp.csproj", "{83B91CFA-2FB3-4607-A183-CC932A4A5B30}"
EndProject
Global
	GlobalSection(SolutionConfigurationPlatforms) = preSolution
		Debug|Any CPU = Debug|Any CPU
		Release|Any CPU = Release|Any CPU
	EndGlobalSection
	GlobalSection(ProjectConfigurationPlatforms) = postSolution
		{ECBD12DD-CB44-4188-A9E9-BF43DB03BC9E}.Debug|Any CPU.ActiveCfg = Debug|Any CPU
		{ECBD12DD-CB44-4188-A9E9-BF43DB03BC9E}.Debug|Any CPU.Build.0 = Debug|Any CPU
		{ECBD12DD-CB44-4188-A9E9-BF43DB03BC9E}.Release|Any CPU.ActiveCfg = Release|Any CPU
		{ECBD12DD-CB44-4188-A9E9-BF43DB03BC9E}.Release|Any CPU.Build.0 = Release|Any CPU
		{6547BAE9-7979-4F15-BF7C-25E71F712502}.Debug|Any CPU.ActiveCfg = Debug|Any CPU
		{6547BAE9-7979-4F15-BF7C-25E71F712502}.Debug|Any CPU.Build.0 = Debug|Any CPU
		{6547BAE9-7979-4F15-BF7C-25E71F712502}.Release|Any CPU.ActiveCfg = Release|Any CPU
		{6547BAE9-7979-4F15-BF7C-25E71F712502}.Release|Any CPU.Build.0 = Release|Any CPU
		{83B91CFA-2FB3-4607-A183-CC932A4A5B30}.Debug|Any CPU.ActiveCfg = Debug|Any CPU
		{83B91CFA-2FB3-4607-A183-CC932A4A5B30}.Debug|Any CPU.Build.0 = Debug|Any CPU
		{83B91CFA-2FB3-4607-A183-CC932A4A5B30}.Release|Any CPU.ActiveCfg = Release|Any CPU
		{83B91CFA-2FB3-4607-A183-CC932A4A5B30}.Release|Any CPU.Build.0 = Release|Any CPU
	EndGlobalSection
	GlobalSection(SolutionProperties) = preSolution
		HideSolutionNode = FALSE
	EndGlobalSection
	GlobalSection(ExtensibilityGlobals) = postSolution
		SolutionGuid = {2344E71D-288C-4514-AE6D-B0DCB7126A3E}
	EndGlobalSection
EndGlobal
